// !$*UTF8*$!
{
	archiveVersion = 1;
	classes = {
	};
	objectVersion = 46;
	objects = {

/* Begin PBXBuildFile section */
		158182734182C2B36132F75C /* Pods_lihkgClient.framework in Frameworks */ = {isa = PBXBuildFile; fileRef = FA13304BE505489C45E647C3 /* Pods_lihkgClient.framework */; };
		BE00F3A61F46E00D00BF94A7 /* assets in Resources */ = {isa = PBXBuildFile; fileRef = BE00F3A51F46E00D00BF94A7 /* assets */; };
		BE051D591F39A1A2000FD702 /* ThreadContentController.swift in Sources */ = {isa = PBXBuildFile; fileRef = BE051D581F39A1A2000FD702 /* ThreadContentController.swift */; };
		BE8BB0871F233B9B00F4E990 /* AppDelegate.swift in Sources */ = {isa = PBXBuildFile; fileRef = BE8BB0861F233B9B00F4E990 /* AppDelegate.swift */; };
		BE8BB0891F233B9B00F4E990 /* ViewController.swift in Sources */ = {isa = PBXBuildFile; fileRef = BE8BB0881F233B9B00F4E990 /* ViewController.swift */; };
		BE8BB08C1F233B9B00F4E990 /* Main.storyboard in Resources */ = {isa = PBXBuildFile; fileRef = BE8BB08A1F233B9B00F4E990 /* Main.storyboard */; };
		BE8BB08E1F233B9B00F4E990 /* Assets.xcassets in Resources */ = {isa = PBXBuildFile; fileRef = BE8BB08D1F233B9B00F4E990 /* Assets.xcassets */; };
		BE8BB0911F233B9B00F4E990 /* LaunchScreen.storyboard in Resources */ = {isa = PBXBuildFile; fileRef = BE8BB08F1F233B9B00F4E990 /* LaunchScreen.storyboard */; };
		BE8BB09D1F2350D900F4E990 /* ApiConnect.swift in Sources */ = {isa = PBXBuildFile; fileRef = BE8BB09C1F2350D900F4E990 /* ApiConnect.swift */; };
		BEF41AA31F3B082900987A75 /* ThreadContent.swift in Sources */ = {isa = PBXBuildFile; fileRef = BEF41AA21F3B082900987A75 /* ThreadContent.swift */; };
		BEF41AA51F3B0AE600987A75 /* User.swift in Sources */ = {isa = PBXBuildFile; fileRef = BEF41AA41F3B0AE600987A75 /* User.swift */; };
		BEF41AA71F3B0F1C00987A75 /* ThreadContentData.swift in Sources */ = {isa = PBXBuildFile; fileRef = BEF41AA61F3B0F1C00987A75 /* ThreadContentData.swift */; };
		BEF41AAA1F3B23A600987A75 /* ThreadContentDataCell.swift in Sources */ = {isa = PBXBuildFile; fileRef = BEF41AA81F3B23A600987A75 /* ThreadContentDataCell.swift */; };
		BEF41AAB1F3B23A600987A75 /* ThreadContentDataCell.xib in Resources */ = {isa = PBXBuildFile; fileRef = BEF41AA91F3B23A600987A75 /* ThreadContentDataCell.xib */; };
		BEF4F8821F41B30300C7A80F /* Extensions.swift in Sources */ = {isa = PBXBuildFile; fileRef = BEF4F8811F41B30300C7A80F /* Extensions.swift */; };
		BEF5DBB01F4EBCD200D2E8CF /* LihkgHtmlStyles.swift in Sources */ = {isa = PBXBuildFile; fileRef = BEF5DBAF1F4EBCD200D2E8CF /* LihkgHtmlStyles.swift */; };
		BEF613461F4FF6F800AAB983 /* TableBindingWithRowHeight.swift in Sources */ = {isa = PBXBuildFile; fileRef = BEF613451F4FF6F800AAB983 /* TableBindingWithRowHeight.swift */; };
		BEF663781F2489E8001D6450 /* Threads.swift in Sources */ = {isa = PBXBuildFile; fileRef = BEF663771F2489E8001D6450 /* Threads.swift */; };
		BEF692D21F35B637002043AA /* ThreadCell.swift in Sources */ = {isa = PBXBuildFile; fileRef = BEF692D01F35B637002043AA /* ThreadCell.swift */; };
		BEF692D31F35B637002043AA /* ThreadCell.xib in Resources */ = {isa = PBXBuildFile; fileRef = BEF692D11F35B637002043AA /* ThreadCell.xib */; };
		BEF692D61F35C84C002043AA /* ThreadTableView.swift in Sources */ = {isa = PBXBuildFile; fileRef = BEF692D51F35C84C002043AA /* ThreadTableView.swift */; };
		BEF7D81B1F25D15E0029597A /* ThreadItem.swift in Sources */ = {isa = PBXBuildFile; fileRef = BEF7D81A1F25D15E0029597A /* ThreadItem.swift */; };
		BEF7D81D1F25E3F40029597A /* Category.swift in Sources */ = {isa = PBXBuildFile; fileRef = BEF7D81C1F25E3F40029597A /* Category.swift */; };
		BEFC57B61F34838900248830 /* TableBinding.swift in Sources */ = {isa = PBXBuildFile; fileRef = BEFC57B51F34838900248830 /* TableBinding.swift */; };
		BEFC8F561F42E3AE001AB34C /* HtmlTagConverter.swift in Sources */ = {isa = PBXBuildFile; fileRef = BEFC8F551F42E3AE001AB34C /* HtmlTagConverter.swift */; };
/* End PBXBuildFile section */

/* Begin PBXFileReference section */
		BE00F3A51F46E00D00BF94A7 /* assets */ = {isa = PBXFileReference; lastKnownFileType = folder; name = assets; path = lihkgClient/assets; sourceTree = "<group>"; };
		BE051D581F39A1A2000FD702 /* ThreadContentController.swift */ = {isa = PBXFileReference; fileEncoding = 4; lastKnownFileType = sourcecode.swift; path = ThreadContentController.swift; sourceTree = "<group>"; };
		BE8BB0831F233B9B00F4E990 /* lihkgClient.app */ = {isa = PBXFileReference; explicitFileType = wrapper.application; includeInIndex = 0; path = lihkgClient.app; sourceTree = BUILT_PRODUCTS_DIR; };
		BE8BB0861F233B9B00F4E990 /* AppDelegate.swift */ = {isa = PBXFileReference; lastKnownFileType = sourcecode.swift; path = AppDelegate.swift; sourceTree = "<group>"; };
		BE8BB0881F233B9B00F4E990 /* ViewController.swift */ = {isa = PBXFileReference; lastKnownFileType = sourcecode.swift; path = ViewController.swift; sourceTree = "<group>"; };
		BE8BB08B1F233B9B00F4E990 /* Base */ = {isa = PBXFileReference; lastKnownFileType = file.storyboard; name = Base; path = Base.lproj/Main.storyboard; sourceTree = "<group>"; };
		BE8BB08D1F233B9B00F4E990 /* Assets.xcassets */ = {isa = PBXFileReference; lastKnownFileType = folder.assetcatalog; path = Assets.xcassets; sourceTree = "<group>"; };
		BE8BB0901F233B9B00F4E990 /* Base */ = {isa = PBXFileReference; lastKnownFileType = file.storyboard; name = Base; path = Base.lproj/LaunchScreen.storyboard; sourceTree = "<group>"; };
		BE8BB0921F233B9B00F4E990 /* Info.plist */ = {isa = PBXFileReference; lastKnownFileType = text.plist.xml; path = Info.plist; sourceTree = "<group>"; };
		BE8BB09C1F2350D900F4E990 /* ApiConnect.swift */ = {isa = PBXFileReference; fileEncoding = 4; lastKnownFileType = sourcecode.swift; path = ApiConnect.swift; sourceTree = "<group>"; };
		BEF41AA21F3B082900987A75 /* ThreadContent.swift */ = {isa = PBXFileReference; fileEncoding = 4; lastKnownFileType = sourcecode.swift; path = ThreadContent.swift; sourceTree = "<group>"; };
		BEF41AA41F3B0AE600987A75 /* User.swift */ = {isa = PBXFileReference; fileEncoding = 4; lastKnownFileType = sourcecode.swift; path = User.swift; sourceTree = "<group>"; };
		BEF41AA61F3B0F1C00987A75 /* ThreadContentData.swift */ = {isa = PBXFileReference; fileEncoding = 4; lastKnownFileType = sourcecode.swift; path = ThreadContentData.swift; sourceTree = "<group>"; };
		BEF41AA81F3B23A600987A75 /* ThreadContentDataCell.swift */ = {isa = PBXFileReference; fileEncoding = 4; lastKnownFileType = sourcecode.swift; path = ThreadContentDataCell.swift; sourceTree = "<group>"; };
		BEF41AA91F3B23A600987A75 /* ThreadContentDataCell.xib */ = {isa = PBXFileReference; fileEncoding = 4; lastKnownFileType = file.xib; path = ThreadContentDataCell.xib; sourceTree = "<group>"; };
		BEF4F8811F41B30300C7A80F /* Extensions.swift */ = {isa = PBXFileReference; fileEncoding = 4; lastKnownFileType = sourcecode.swift; path = Extensions.swift; sourceTree = "<group>"; };
		BEF5DBAF1F4EBCD200D2E8CF /* LihkgHtmlStyles.swift */ = {isa = PBXFileReference; fileEncoding = 4; lastKnownFileType = sourcecode.swift; path = LihkgHtmlStyles.swift; sourceTree = "<group>"; };
		BEF613451F4FF6F800AAB983 /* TableBindingWithRowHeight.swift */ = {isa = PBXFileReference; fileEncoding = 4; lastKnownFileType = sourcecode.swift; path = TableBindingWithRowHeight.swift; sourceTree = "<group>"; };
		BEF663771F2489E8001D6450 /* Threads.swift */ = {isa = PBXFileReference; fileEncoding = 4; lastKnownFileType = sourcecode.swift; path = Threads.swift; sourceTree = "<group>"; };
		BEF692D01F35B637002043AA /* ThreadCell.swift */ = {isa = PBXFileReference; fileEncoding = 4; lastKnownFileType = sourcecode.swift; path = ThreadCell.swift; sourceTree = "<group>"; };
		BEF692D11F35B637002043AA /* ThreadCell.xib */ = {isa = PBXFileReference; fileEncoding = 4; lastKnownFileType = file.xib; path = ThreadCell.xib; sourceTree = "<group>"; };
		BEF692D51F35C84C002043AA /* ThreadTableView.swift */ = {isa = PBXFileReference; fileEncoding = 4; lastKnownFileType = sourcecode.swift; path = ThreadTableView.swift; sourceTree = "<group>"; };
		BEF7D81A1F25D15E0029597A /* ThreadItem.swift */ = {isa = PBXFileReference; fileEncoding = 4; lastKnownFileType = sourcecode.swift; path = ThreadItem.swift; sourceTree = "<group>"; };
		BEF7D81C1F25E3F40029597A /* Category.swift */ = {isa = PBXFileReference; fileEncoding = 4; lastKnownFileType = sourcecode.swift; path = Category.swift; sourceTree = "<group>"; };
		BEFC57B51F34838900248830 /* TableBinding.swift */ = {isa = PBXFileReference; fileEncoding = 4; lastKnownFileType = sourcecode.swift; path = TableBinding.swift; sourceTree = "<group>"; };
		BEFC8F551F42E3AE001AB34C /* HtmlTagConverter.swift */ = {isa = PBXFileReference; fileEncoding = 4; lastKnownFileType = sourcecode.swift; path = HtmlTagConverter.swift; sourceTree = "<group>"; };
		F036B448681753097A85B973 /* Pods-lihkgClient.release.xcconfig */ = {isa = PBXFileReference; includeInIndex = 1; lastKnownFileType = text.xcconfig; name = "Pods-lihkgClient.release.xcconfig"; path = "Pods/Target Support Files/Pods-lihkgClient/Pods-lihkgClient.release.xcconfig"; sourceTree = "<group>"; };
		F4D34BC12BA8B8B7845BE024 /* Pods-lihkgClient.debug.xcconfig */ = {isa = PBXFileReference; includeInIndex = 1; lastKnownFileType = text.xcconfig; name = "Pods-lihkgClient.debug.xcconfig"; path = "Pods/Target Support Files/Pods-lihkgClient/Pods-lihkgClient.debug.xcconfig"; sourceTree = "<group>"; };
		FA13304BE505489C45E647C3 /* Pods_lihkgClient.framework */ = {isa = PBXFileReference; explicitFileType = wrapper.framework; includeInIndex = 0; path = Pods_lihkgClient.framework; sourceTree = BUILT_PRODUCTS_DIR; };
/* End PBXFileReference section */

/* Begin PBXFrameworksBuildPhase section */
		BE8BB0801F233B9B00F4E990 /* Frameworks */ = {
			isa = PBXFrameworksBuildPhase;
			buildActionMask = 2147483647;
			files = (
				158182734182C2B36132F75C /* Pods_lihkgClient.framework in Frameworks */,
			);
			runOnlyForDeploymentPostprocessing = 0;
		};
/* End PBXFrameworksBuildPhase section */

/* Begin PBXGroup section */
		7188C5760828DCBE0AD1E705 /* Frameworks */ = {
			isa = PBXGroup;
			children = (
				FA13304BE505489C45E647C3 /* Pods_lihkgClient.framework */,
			);
			name = Frameworks;
			sourceTree = "<group>";
		};
		BE8BB07A1F233B9B00F4E990 = {
			isa = PBXGroup;
			children = (
				BE00F3A51F46E00D00BF94A7 /* assets */,
				BE8BB0851F233B9B00F4E990 /* lihkgClient */,
				BE8BB0841F233B9B00F4E990 /* Products */,
				C276110E2F20B5189BA84223 /* Pods */,
				7188C5760828DCBE0AD1E705 /* Frameworks */,
			);
			sourceTree = "<group>";
		};
		BE8BB0841F233B9B00F4E990 /* Products */ = {
			isa = PBXGroup;
			children = (
				BE8BB0831F233B9B00F4E990 /* lihkgClient.app */,
			);
			name = Products;
			sourceTree = "<group>";
		};
		BE8BB0851F233B9B00F4E990 /* lihkgClient */ = {
			isa = PBXGroup;
			children = (
				BEF692CF1F35B60E002043AA /* tableCell */,
				BEF692D41F35C806002043AA /* tableView */,
				BEFC57B41F34831D00248830 /* bindings */,
				BEF663761F24898F001D6450 /* models */,
				BE8BB09B1F2350BB00F4E990 /* helpers */,
				BE8BB0981F233CA500F4E990 /* controllers */,
				BE8BB0861F233B9B00F4E990 /* AppDelegate.swift */,
				BE8BB08A1F233B9B00F4E990 /* Main.storyboard */,
				BE8BB08D1F233B9B00F4E990 /* Assets.xcassets */,
				BE8BB08F1F233B9B00F4E990 /* LaunchScreen.storyboard */,
				BE8BB0921F233B9B00F4E990 /* Info.plist */,
			);
			path = lihkgClient;
			sourceTree = "<group>";
		};
		BE8BB0981F233CA500F4E990 /* controllers */ = {
			isa = PBXGroup;
			children = (
				BE8BB0881F233B9B00F4E990 /* ViewController.swift */,
				BE051D581F39A1A2000FD702 /* ThreadContentController.swift */,
			);
			name = controllers;
			sourceTree = "<group>";
		};
		BE8BB09B1F2350BB00F4E990 /* helpers */ = {
			isa = PBXGroup;
			children = (
				BEF4F8811F41B30300C7A80F /* Extensions.swift */,
				BE8BB09C1F2350D900F4E990 /* ApiConnect.swift */,
				BEFC8F551F42E3AE001AB34C /* HtmlTagConverter.swift */,
				BEF5DBAF1F4EBCD200D2E8CF /* LihkgHtmlStyles.swift */,
			);
			name = helpers;
			sourceTree = "<group>";
		};
		BEF663761F24898F001D6450 /* models */ = {
			isa = PBXGroup;
			children = (
				BEF663771F2489E8001D6450 /* Threads.swift */,
				BEF7D81A1F25D15E0029597A /* ThreadItem.swift */,
				BEF7D81C1F25E3F40029597A /* Category.swift */,
				BEF41AA21F3B082900987A75 /* ThreadContent.swift */,
				BEF41AA41F3B0AE600987A75 /* User.swift */,
				BEF41AA61F3B0F1C00987A75 /* ThreadContentData.swift */,
			);
			name = models;
			sourceTree = "<group>";
		};
		BEF692CF1F35B60E002043AA /* tableCell */ = {
			isa = PBXGroup;
			children = (
				BEF692D01F35B637002043AA /* ThreadCell.swift */,
				BEF692D11F35B637002043AA /* ThreadCell.xib */,
				BEF41AA81F3B23A600987A75 /* ThreadContentDataCell.swift */,
				BEF41AA91F3B23A600987A75 /* ThreadContentDataCell.xib */,
			);
			name = tableCell;
			sourceTree = "<group>";
		};
		BEF692D41F35C806002043AA /* tableView */ = {
			isa = PBXGroup;
			children = (
				BEF692D51F35C84C002043AA /* ThreadTableView.swift */,
			);
			name = tableView;
			sourceTree = "<group>";
		};
		BEFC57B41F34831D00248830 /* bindings */ = {
			isa = PBXGroup;
			children = (
				BEFC57B51F34838900248830 /* TableBinding.swift */,
				BEF613451F4FF6F800AAB983 /* TableBindingWithRowHeight.swift */,
			);
			name = bindings;
			sourceTree = "<group>";
		};
		C276110E2F20B5189BA84223 /* Pods */ = {
			isa = PBXGroup;
			children = (
				F4D34BC12BA8B8B7845BE024 /* Pods-lihkgClient.debug.xcconfig */,
				F036B448681753097A85B973 /* Pods-lihkgClient.release.xcconfig */,
			);
			name = Pods;
			sourceTree = "<group>";
		};
/* End PBXGroup section */

/* Begin PBXNativeTarget section */
		BE8BB0821F233B9B00F4E990 /* lihkgClient */ = {
			isa = PBXNativeTarget;
			buildConfigurationList = BE8BB0951F233B9B00F4E990 /* Build configuration list for PBXNativeTarget "lihkgClient" */;
			buildPhases = (
				78CEF2B3FA7999E62E57424A /* [CP] Check Pods Manifest.lock */,
				BE8BB07F1F233B9B00F4E990 /* Sources */,
				BE8BB0801F233B9B00F4E990 /* Frameworks */,
				BE8BB0811F233B9B00F4E990 /* Resources */,
				172010450301DDBA0CFD1CD4 /* [CP] Embed Pods Frameworks */,
				78EE521F922BC2E414ED162D /* [CP] Copy Pods Resources */,
			);
			buildRules = (
			);
			dependencies = (
			);
			name = lihkgClient;
			productName = lihkgClient;
			productReference = BE8BB0831F233B9B00F4E990 /* lihkgClient.app */;
			productType = "com.apple.product-type.application";
		};
/* End PBXNativeTarget section */

/* Begin PBXProject section */
		BE8BB07B1F233B9B00F4E990 /* Project object */ = {
			isa = PBXProject;
			attributes = {
				LastSwiftUpdateCheck = 0830;
				LastUpgradeCheck = 0830;
				ORGANIZATIONNAME = lung;
				TargetAttributes = {
					BE8BB0821F233B9B00F4E990 = {
						CreatedOnToolsVersion = 8.3.3;
						ProvisioningStyle = Automatic;
					};
				};
			};
			buildConfigurationList = BE8BB07E1F233B9B00F4E990 /* Build configuration list for PBXProject "lihkgClient" */;
			compatibilityVersion = "Xcode 3.2";
			developmentRegion = English;
			hasScannedForEncodings = 0;
			knownRegions = (
				en,
				Base,
			);
			mainGroup = BE8BB07A1F233B9B00F4E990;
			productRefGroup = BE8BB0841F233B9B00F4E990 /* Products */;
			projectDirPath = "";
			projectRoot = "";
			targets = (
				BE8BB0821F233B9B00F4E990 /* lihkgClient */,
			);
		};
/* End PBXProject section */

/* Begin PBXResourcesBuildPhase section */
		BE8BB0811F233B9B00F4E990 /* Resources */ = {
			isa = PBXResourcesBuildPhase;
			buildActionMask = 2147483647;
			files = (
				BE00F3A61F46E00D00BF94A7 /* assets in Resources */,
				BE8BB0911F233B9B00F4E990 /* LaunchScreen.storyboard in Resources */,
				BEF41AAB1F3B23A600987A75 /* ThreadContentDataCell.xib in Resources */,
				BE8BB08E1F233B9B00F4E990 /* Assets.xcassets in Resources */,
				BE8BB08C1F233B9B00F4E990 /* Main.storyboard in Resources */,
				BEF692D31F35B637002043AA /* ThreadCell.xib in Resources */,
			);
			runOnlyForDeploymentPostprocessing = 0;
		};
/* End PBXResourcesBuildPhase section */

/* Begin PBXShellScriptBuildPhase section */
		172010450301DDBA0CFD1CD4 /* [CP] Embed Pods Frameworks */ = {
			isa = PBXShellScriptBuildPhase;
			buildActionMask = 2147483647;
			files = (
			);
			inputPaths = (
			);
			name = "[CP] Embed Pods Frameworks";
			outputPaths = (
			);
			runOnlyForDeploymentPostprocessing = 0;
			shellPath = /bin/sh;
			shellScript = "\"${SRCROOT}/Pods/Target Support Files/Pods-lihkgClient/Pods-lihkgClient-frameworks.sh\"\n";
			showEnvVarsInLog = 0;
		};
		78CEF2B3FA7999E62E57424A /* [CP] Check Pods Manifest.lock */ = {
			isa = PBXShellScriptBuildPhase;
			buildActionMask = 2147483647;
			files = (
			);
			inputPaths = (
			);
			name = "[CP] Check Pods Manifest.lock";
			outputPaths = (
			);
			runOnlyForDeploymentPostprocessing = 0;
			shellPath = /bin/sh;
			shellScript = "diff \"${PODS_PODFILE_DIR_PATH}/Podfile.lock\" \"${PODS_ROOT}/Manifest.lock\" > /dev/null\nif [ $? != 0 ] ; then\n    # print error to STDERR\n    echo \"error: The sandbox is not in sync with the Podfile.lock. Run 'pod install' or update your CocoaPods installation.\" >&2\n    exit 1\nfi\n";
			showEnvVarsInLog = 0;
		};
		78EE521F922BC2E414ED162D /* [CP] Copy Pods Resources */ = {
			isa = PBXShellScriptBuildPhase;
			buildActionMask = 2147483647;
			files = (
			);
			inputPaths = (
			);
			name = "[CP] Copy Pods Resources";
			outputPaths = (
			);
			runOnlyForDeploymentPostprocessing = 0;
			shellPath = /bin/sh;
			shellScript = "\"${SRCROOT}/Pods/Target Support Files/Pods-lihkgClient/Pods-lihkgClient-resources.sh\"\n";
			showEnvVarsInLog = 0;
		};
/* End PBXShellScriptBuildPhase section */

/* Begin PBXSourcesBuildPhase section */
		BE8BB07F1F233B9B00F4E990 /* Sources */ = {
			isa = PBXSourcesBuildPhase;
			buildActionMask = 2147483647;
			files = (
				BEF41AAA1F3B23A600987A75 /* ThreadContentDataCell.swift in Sources */,
				BEF41AA51F3B0AE600987A75 /* User.swift in Sources */,
				BE051D591F39A1A2000FD702 /* ThreadContentController.swift in Sources */,
				BEF692D21F35B637002043AA /* ThreadCell.swift in Sources */,
				BEF613461F4FF6F800AAB983 /* TableBindingWithRowHeight.swift in Sources */,
				BEF692D61F35C84C002043AA /* ThreadTableView.swift in Sources */,
				BEFC57B61F34838900248830 /* TableBinding.swift in Sources */,
				BE8BB0891F233B9B00F4E990 /* ViewController.swift in Sources */,
				BEF41AA31F3B082900987A75 /* ThreadContent.swift in Sources */,
				BE8BB0871F233B9B00F4E990 /* AppDelegate.swift in Sources */,
				BE8BB09D1F2350D900F4E990 /* ApiConnect.swift in Sources */,
				BEF5DBB01F4EBCD200D2E8CF /* LihkgHtmlStyles.swift in Sources */,
				BEFC8F561F42E3AE001AB34C /* HtmlTagConverter.swift in Sources */,
				BEF4F8821F41B30300C7A80F /* Extensions.swift in Sources */,
				BEF663781F2489E8001D6450 /* Threads.swift in Sources */,
				BEF7D81B1F25D15E0029597A /* ThreadItem.swift in Sources */,
				BEF7D81D1F25E3F40029597A /* Category.swift in Sources */,
				BEF41AA71F3B0F1C00987A75 /* ThreadContentData.swift in Sources */,
			);
			runOnlyForDeploymentPostprocessing = 0;
		};
/* End PBXSourcesBuildPhase section */

/* Begin PBXVariantGroup section */
		BE8BB08A1F233B9B00F4E990 /* Main.storyboard */ = {
			isa = PBXVariantGroup;
			children = (
				BE8BB08B1F233B9B00F4E990 /* Base */,
			);
			name = Main.storyboard;
			sourceTree = "<group>";
		};
		BE8BB08F1F233B9B00F4E990 /* LaunchScreen.storyboard */ = {
			isa = PBXVariantGroup;
			children = (
				BE8BB0901F233B9B00F4E990 /* Base */,
			);
			name = LaunchScreen.storyboard;
			sourceTree = "<group>";
		};
/* End PBXVariantGroup section */

/* Begin XCBuildConfiguration section */
		BE8BB0931F233B9B00F4E990 /* Debug */ = {
			isa = XCBuildConfiguration;
			buildSettings = {
				ALWAYS_SEARCH_USER_PATHS = NO;
				CLANG_ANALYZER_NONNULL = YES;
				CLANG_ANALYZER_NUMBER_OBJECT_CONVERSION = YES_AGGRESSIVE;
				CLANG_CXX_LANGUAGE_STANDARD = "gnu++0x";
				CLANG_CXX_LIBRARY = "libc++";
				CLANG_ENABLE_MODULES = YES;
				CLANG_ENABLE_OBJC_ARC = YES;
				CLANG_WARN_BOOL_CONVERSION = YES;
				CLANG_WARN_CONSTANT_CONVERSION = YES;
				CLANG_WARN_DIRECT_OBJC_ISA_USAGE = YES_ERROR;
				CLANG_WARN_DOCUMENTATION_COMMENTS = YES;
				CLANG_WARN_EMPTY_BODY = YES;
				CLANG_WARN_ENUM_CONVERSION = YES;
				CLANG_WARN_INFINITE_RECURSION = YES;
				CLANG_WARN_INT_CONVERSION = YES;
				CLANG_WARN_OBJC_ROOT_CLASS = YES_ERROR;
				CLANG_WARN_SUSPICIOUS_MOVE = YES;
				CLANG_WARN_UNREACHABLE_CODE = YES;
				CLANG_WARN__DUPLICATE_METHOD_MATCH = YES;
				"CODE_SIGN_IDENTITY[sdk=iphoneos*]" = "iPhone Developer";
				COPY_PHASE_STRIP = NO;
				DEBUG_INFORMATION_FORMAT = dwarf;
				ENABLE_STRICT_OBJC_MSGSEND = YES;
				ENABLE_TESTABILITY = YES;
				GCC_C_LANGUAGE_STANDARD = gnu99;
				GCC_DYNAMIC_NO_PIC = NO;
				GCC_NO_COMMON_BLOCKS = YES;
				GCC_OPTIMIZATION_LEVEL = 0;
				GCC_PREPROCESSOR_DEFINITIONS = (
					"DEBUG=1",
					"$(inherited)",
				);
				GCC_WARN_64_TO_32_BIT_CONVERSION = YES;
				GCC_WARN_ABOUT_RETURN_TYPE = YES_ERROR;
				GCC_WARN_UNDECLARED_SELECTOR = YES;
				GCC_WARN_UNINITIALIZED_AUTOS = YES_AGGRESSIVE;
				GCC_WARN_UNUSED_FUNCTION = YES;
				GCC_WARN_UNUSED_VARIABLE = YES;
				IPHONEOS_DEPLOYMENT_TARGET = 10.3;
				MTL_ENABLE_DEBUG_INFO = YES;
				ONLY_ACTIVE_ARCH = YES;
				SDKROOT = iphoneos;
				SWIFT_ACTIVE_COMPILATION_CONDITIONS = DEBUG;
				SWIFT_OPTIMIZATION_LEVEL = "-Onone";
			};
			name = Debug;
		};
		BE8BB0941F233B9B00F4E990 /* Release */ = {
			isa = XCBuildConfiguration;
			buildSettings = {
				ALWAYS_SEARCH_USER_PATHS = NO;
				CLANG_ANALYZER_NONNULL = YES;
				CLANG_ANALYZER_NUMBER_OBJECT_CONVERSION = YES_AGGRESSIVE;
				CLANG_CXX_LANGUAGE_STANDARD = "gnu++0x";
				CLANG_CXX_LIBRARY = "libc++";
				CLANG_ENABLE_MODULES = YES;
				CLANG_ENABLE_OBJC_ARC = YES;
				CLANG_WARN_BOOL_CONVERSION = YES;
				CLANG_WARN_CONSTANT_CONVERSION = YES;
				CLANG_WARN_DIRECT_OBJC_ISA_USAGE = YES_ERROR;
				CLANG_WARN_DOCUMENTATION_COMMENTS = YES;
				CLANG_WARN_EMPTY_BODY = YES;
				CLANG_WARN_ENUM_CONVERSION = YES;
				CLANG_WARN_INFINITE_RECURSION = YES;
				CLANG_WARN_INT_CONVERSION = YES;
				CLANG_WARN_OBJC_ROOT_CLASS = YES_ERROR;
				CLANG_WARN_SUSPICIOUS_MOVE = YES;
				CLANG_WARN_UNREACHABLE_CODE = YES;
				CLANG_WARN__DUPLICATE_METHOD_MATCH = YES;
				"CODE_SIGN_IDENTITY[sdk=iphoneos*]" = "iPhone Developer";
				COPY_PHASE_STRIP = NO;
				DEBUG_INFORMATION_FORMAT = "dwarf-with-dsym";
				ENABLE_NS_ASSERTIONS = NO;
				ENABLE_STRICT_OBJC_MSGSEND = YES;
				GCC_C_LANGUAGE_STANDARD = gnu99;
				GCC_NO_COMMON_BLOCKS = YES;
				GCC_WARN_64_TO_32_BIT_CONVERSION = YES;
				GCC_WARN_ABOUT_RETURN_TYPE = YES_ERROR;
				GCC_WARN_UNDECLARED_SELECTOR = YES;
				GCC_WARN_UNINITIALIZED_AUTOS = YES_AGGRESSIVE;
				GCC_WARN_UNUSED_FUNCTION = YES;
				GCC_WARN_UNUSED_VARIABLE = YES;
				IPHONEOS_DEPLOYMENT_TARGET = 10.3;
				MTL_ENABLE_DEBUG_INFO = NO;
				SDKROOT = iphoneos;
				SWIFT_OPTIMIZATION_LEVEL = "-Owholemodule";
				VALIDATE_PRODUCT = YES;
			};
			name = Release;
		};
		BE8BB0961F233B9B00F4E990 /* Debug */ = {
			isa = XCBuildConfiguration;
			baseConfigurationReference = F4D34BC12BA8B8B7845BE024 /* Pods-lihkgClient.debug.xcconfig */;
			buildSettings = {
				ASSETCATALOG_COMPILER_APPICON_NAME = AppIcon;
				INFOPLIST_FILE = lihkgClient/Info.plist;
				LD_RUNPATH_SEARCH_PATHS = "$(inherited) @executable_path/Frameworks";
				PRODUCT_BUNDLE_IDENTIFIER = com.lung.lihkgClient;
				PRODUCT_NAME = "$(TARGET_NAME)";
				SWIFT_VERSION = 3.0;
			};
			name = Debug;
		};
		BE8BB0971F233B9B00F4E990 /* Release */ = {
			isa = XCBuildConfiguration;
			baseConfigurationReference = F036B448681753097A85B973 /* Pods-lihkgClient.release.xcconfig */;
			buildSettings = {
				ASSETCATALOG_COMPILER_APPICON_NAME = AppIcon;
				INFOPLIST_FILE = lihkgClient/Info.plist;
				LD_RUNPATH_SEARCH_PATHS = "$(inherited) @executable_path/Frameworks";
				PRODUCT_BUNDLE_IDENTIFIER = com.lung.lihkgClient;
				PRODUCT_NAME = "$(TARGET_NAME)";
				SWIFT_VERSION = 3.0;
			};
			name = Release;
		};
/* End XCBuildConfiguration section */

/* Begin XCConfigurationList section */
		BE8BB07E1F233B9B00F4E990 /* Build configuration list for PBXProject "lihkgClient" */ = {
			isa = XCConfigurationList;
			buildConfigurations = (
				BE8BB0931F233B9B00F4E990 /* Debug */,
				BE8BB0941F233B9B00F4E990 /* Release */,
			);
			defaultConfigurationIsVisible = 0;
			defaultConfigurationName = Release;
		};
		BE8BB0951F233B9B00F4E990 /* Build configuration list for PBXNativeTarget "lihkgClient" */ = {
			isa = XCConfigurationList;
			buildConfigurations = (
				BE8BB0961F233B9B00F4E990 /* Debug */,
				BE8BB0971F233B9B00F4E990 /* Release */,
			);
			defaultConfigurationIsVisible = 0;
			defaultConfigurationName = Release;
		};
/* End XCConfigurationList section */
	};
	rootObject = BE8BB07B1F233B9B00F4E990 /* Project object */;
}
